// !$*UTF8*$!
{
	archiveVersion = 1;
	classes = {
	};
	objectVersion = 56;
	objects = {

/* Begin PBXBuildFile section */
		F800A3EA2E4DF80C00918507 /* CalendrierRoute.swift in Sources */ = {isa = PBXBuildFile; fileRef = F800A3E92E4DF80C00918507 /* CalendrierRoute.swift */; };
		F800A3EC2E4DF82400918507 /* CalendrierTabView.swift in Sources */ = {isa = PBXBuildFile; fileRef = F800A3EB2E4DF82400918507 /* CalendrierTabView.swift */; };
		F800A3EE2E4E01F700918507 /* NoAccountView.swift in Sources */ = {isa = PBXBuildFile; fileRef = F800A3ED2E4E01F700918507 /* NoAccountView.swift */; };
		F800A3F12E4F6D1E00918507 /* ToastData.swift in Sources */ = {isa = PBXBuildFile; fileRef = F800A3F02E4F6D1E00918507 /* ToastData.swift */; };
		F800A3F32E4F6D3400918507 /* ToastView.swift in Sources */ = {isa = PBXBuildFile; fileRef = F800A3F22E4F6D3400918507 /* ToastView.swift */; };
		F800A3F72E5C72F200918507 /* ToastCard.swift in Sources */ = {isa = PBXBuildFile; fileRef = F800A3F62E5C72F200918507 /* ToastCard.swift */; };
		F807613E2CC6E31C00C34EDD /* Notifications.swift in Sources */ = {isa = PBXBuildFile; fileRef = F807613D2CC6E31B00C34EDD /* Notifications.swift */; };
		F810E2EF2E422F1E00C2DFA9 /* AccountsManager.swift in Sources */ = {isa = PBXBuildFile; fileRef = F810E2EE2E422F1E00C2DFA9 /* AccountsManager.swift */; };
		F810E2F12E428FFB00C2DFA9 /* AccountCardView.swift in Sources */ = {isa = PBXBuildFile; fileRef = F810E2F02E428FFB00C2DFA9 /* AccountCardView.swift */; };
		F810E2FB2E43D2CB00C2DFA9 /* MonthsView.swift in Sources */ = {isa = PBXBuildFile; fileRef = F810E2FA2E43D2CB00C2DFA9 /* MonthsView.swift */; };
		F810E2FF2E43DFC300C2DFA9 /* PotentialTransactionsView.swift in Sources */ = {isa = PBXBuildFile; fileRef = F810E2FE2E43DFC300C2DFA9 /* PotentialTransactionsView.swift */; };
		F810E3012E43E42800C2DFA9 /* TransactionsListView.swift in Sources */ = {isa = PBXBuildFile; fileRef = F810E3002E43E42800C2DFA9 /* TransactionsListView.swift */; };
		F810E30C2E44D4F100C2DFA9 /* AccountPickerView.swift in Sources */ = {isa = PBXBuildFile; fileRef = F810E30B2E44D4F100C2DFA9 /* AccountPickerView.swift */; };
		F810E30E2E45331900C2DFA9 /* HomeView.swift in Sources */ = {isa = PBXBuildFile; fileRef = F810E30D2E45331900C2DFA9 /* HomeView.swift */; };
		F810E3102E46067700C2DFA9 /* WidgetShortcut.swift in Sources */ = {isa = PBXBuildFile; fileRef = F810E30F2E46067700C2DFA9 /* WidgetShortcut.swift */; };
		F8AA01022F69AA0100AA0102 /* AppStorageKeys.swift in Sources */ = {isa = PBXBuildFile; fileRef = F8AA01012F69AA0100AA0101 /* AppStorageKeys.swift */; };
		F810E3142E46082900C2DFA9 /* AddWidgetShortcutView.swift in Sources */ = {isa = PBXBuildFile; fileRef = F810E3132E46082900C2DFA9 /* AddWidgetShortcutView.swift */; };
		F812E1FA2CC7BCFF00619857 /* LaunchScreen.storyboard in Resources */ = {isa = PBXBuildFile; fileRef = F812E1F92CC7BCFF00619857 /* LaunchScreen.storyboard */; };
		F8AA01042F69AA0100AA0104 /* PrivacyInfo.xcprivacy in Resources */ = {isa = PBXBuildFile; fileRef = F8AA01032F69AA0100AA0103 /* PrivacyInfo.xcprivacy */; };
		F8388E732F349A380081F2F9 /* Account.swift in Sources */ = {isa = PBXBuildFile; fileRef = F8388E722F349A380081F2F9 /* Account.swift */; };
		F8388E752F349A540081F2F9 /* AddAccountSheet.swift in Sources */ = {isa = PBXBuildFile; fileRef = F8388E742F349A530081F2F9 /* AddAccountSheet.swift */; };
		F8388E772F350F150081F2F9 /* AllTransactionsView.swift in Sources */ = {isa = PBXBuildFile; fileRef = F8388E762F350F150081F2F9 /* AllTransactionsView.swift */; };
		F8388E7F2F35532D0081F2F9 /* CSVService.swift in Sources */ = {isa = PBXBuildFile; fileRef = F8388E7D2F35532D0081F2F9 /* CSVService.swift */; };
		F8388E802F35532D0081F2F9 /* CalculationService.swift in Sources */ = {isa = PBXBuildFile; fileRef = F8388E7E2F35532D0081F2F9 /* CalculationService.swift */; };
		F8388E862F355B600081F2F9 /* ShortcutsGridView.swift in Sources */ = {isa = PBXBuildFile; fileRef = F8388E832F355B600081F2F9 /* ShortcutsGridView.swift */; };
		F8388E8B2F3563CC0081F2F9 /* DateFormatting.swift in Sources */ = {isa = PBXBuildFile; fileRef = F8388E892F3563CB0081F2F9 /* DateFormatting.swift */; };
		F8388E8C2F3563CC0081F2F9 /* StylableEnum.swift in Sources */ = {isa = PBXBuildFile; fileRef = F8388E8A2F3563CB0081F2F9 /* StylableEnum.swift */; };
		F8388E8F2F3563DD0081F2F9 /* CurrencyTextField.swift in Sources */ = {isa = PBXBuildFile; fileRef = F8388E8E2F3563DD0081F2F9 /* CurrencyTextField.swift */; };
		F8388E912F3564140081F2F9 /* HomeComponents.swift in Sources */ = {isa = PBXBuildFile; fileRef = F8388E902F3564140081F2F9 /* HomeComponents.swift */; };
		F8388E932F356B670081F2F9 /* FutureTabView.swift in Sources */ = {isa = PBXBuildFile; fileRef = F8388E922F356B670081F2F9 /* FutureTabView.swift */; };
		F8388E972F356BB10081F2F9 /* TransactionRow.swift in Sources */ = {isa = PBXBuildFile; fileRef = F8388E952F356BB10081F2F9 /* TransactionRow.swift */; };
		F8388E982F356BB10081F2F9 /* AddTransactionView.swift in Sources */ = {isa = PBXBuildFile; fileRef = F8388E962F356BB10081F2F9 /* AddTransactionView.swift */; };
		F8388E9C2F3BC5F90081F2F9 /* RecurringTransactionsGridView.swift in Sources */ = {isa = PBXBuildFile; fileRef = F8388E9A2F3BC5F90081F2F9 /* RecurringTransactionsGridView.swift */; };
		F8388E9D2F3BC5F90081F2F9 /* AddRecurringTransactionView.swift in Sources */ = {isa = PBXBuildFile; fileRef = F8388E9B2F3BC5F90081F2F9 /* AddRecurringTransactionView.swift */; };
		F8388E9F2F3BC61C0081F2F9 /* RecurringTransaction.swift in Sources */ = {isa = PBXBuildFile; fileRef = F8388E9E2F3BC61C0081F2F9 /* RecurringTransaction.swift */; };
		F8388EA12F3BD3B30081F2F9 /* TransactionCategory.swift in Sources */ = {isa = PBXBuildFile; fileRef = F8388EA02F3BD3B30081F2F9 /* TransactionCategory.swift */; };
		F8388EA62F3DE67B0081F2F9 /* CategoryBreakdownRow.swift in Sources */ = {isa = PBXBuildFile; fileRef = F8388EA32F3DE67B0081F2F9 /* CategoryBreakdownRow.swift */; };
		F8388EA72F3DE67B0081F2F9 /* AnalysesTabView.swift in Sources */ = {isa = PBXBuildFile; fileRef = F8388EA42F3DE67B0081F2F9 /* AnalysesTabView.swift */; };
		F8388EA82F3DE67B0081F2F9 /* AnalysesView.swift in Sources */ = {isa = PBXBuildFile; fileRef = F8388EA52F3DE67B0081F2F9 /* AnalysesView.swift */; };
		F8388EAA2F3DF5470081F2F9 /* CategoryTransactionsView.swift in Sources */ = {isa = PBXBuildFile; fileRef = F8388EA92F3DF5470081F2F9 /* CategoryTransactionsView.swift */; };
		F8388EAC2F3E3FC00081F2F9 /* ViewModifiers.swift in Sources */ = {isa = PBXBuildFile; fileRef = F8388EAB2F3E3FC00081F2F9 /* ViewModifiers.swift */; };
		F8388EAF2F3E3FDE0081F2F9 /* RecurrenceEngine.swift in Sources */ = {isa = PBXBuildFile; fileRef = F8388EAD2F3E3FDD0081F2F9 /* RecurrenceEngine.swift */; };
		F8388EB32F3E580C0081F2F9 /* AnalysesModels.swift in Sources */ = {isa = PBXBuildFile; fileRef = F8388EB12F3E580C0081F2F9 /* AnalysesModels.swift */; };
		F8388EB42F3E580C0081F2F9 /* AnalysesPieChart.swift in Sources */ = {isa = PBXBuildFile; fileRef = F8388EB22F3E580C0081F2F9 /* AnalysesPieChart.swift */; };
		F842F8C62CBD3AD3007D1A54 /* Transaction.swift in Sources */ = {isa = PBXBuildFile; fileRef = F842F8C52CBD3AD3007D1A54 /* Transaction.swift */; };
		F842F8CA2CBD3B47007D1A54 /* ContentView.swift in Sources */ = {isa = PBXBuildFile; fileRef = F842F8C92CBD3B47007D1A54 /* ContentView.swift */; };
		F8ACBAA12F5A1C560074CE1B /* SwiftDataService.swift in Sources */ = {isa = PBXBuildFile; fileRef = F8ACBAA02F5A1C550074CE1B /* SwiftDataService.swift */; };
		F8ACBAA62F5A3A0A0074CE1B /* DatabaseErrorView.swift in Sources */ = {isa = PBXBuildFile; fileRef = F8ACBAA52F5A3A0A0074CE1B /* DatabaseErrorView.swift */; };
		F8ACBAA82F5A59590074CE1B /* CloudKitService.swift in Sources */ = {isa = PBXBuildFile; fileRef = F8ACBAA72F5A59590074CE1B /* CloudKitService.swift */; };
		F8ACBAAA2F5ECA9A0074CE1B /* Localizable.strings in Resources */ = {isa = PBXBuildFile; fileRef = F8ACBAA92F5ECA9A0074CE1B /* Localizable.strings */; };
		F8ACBAAC2F5EF2970074CE1B /* WelcomeView.swift in Sources */ = {isa = PBXBuildFile; fileRef = F8ACBAAB2F5EF2970074CE1B /* WelcomeView.swift */; };
		F8ACBAAE2F68B33E0074CE1B /* ColorHex.swift in Sources */ = {isa = PBXBuildFile; fileRef = F8ACBAAD2F68B33E0074CE1B /* ColorHex.swift */; };
		F8ACBAB02F68B3530074CE1B /* AddCustomTransactionCategorySheet.swift in Sources */ = {isa = PBXBuildFile; fileRef = F8ACBAAF2F68B3530074CE1B /* AddCustomTransactionCategorySheet.swift */; };
		F8ACBAB22F68B3620074CE1B /* CustomTransactionCategory.swift in Sources */ = {isa = PBXBuildFile; fileRef = F8ACBAB12F68B3620074CE1B /* CustomTransactionCategory.swift */; };
		F8B79A6F2CAEC5E4002D88AE /* FinoriaApp.swift in Sources */ = {isa = PBXBuildFile; fileRef = F8B79A6E2CAEC5E4002D88AE /* FinoriaApp.swift */; };
		F8B79A732CAEC5EE002D88AE /* Assets.xcassets in Resources */ = {isa = PBXBuildFile; fileRef = F8B79A722CAEC5EE002D88AE /* Assets.xcassets */; };
		F8B79A762CAEC5EE002D88AE /* Preview Assets.xcassets in Resources */ = {isa = PBXBuildFile; fileRef = F8B79A752CAEC5EE002D88AE /* Preview Assets.xcassets */; };
		F8B79A802CAEC5EE002D88AE /* Finoria_appTests.swift in Sources */ = {isa = PBXBuildFile; fileRef = F8B79A7F2CAEC5EE002D88AE /* Finoria_appTests.swift */; };
		F8B79A8A2CAEC5EF002D88AE /* Finoria_appUITests.swift in Sources */ = {isa = PBXBuildFile; fileRef = F8B79A892CAEC5EF002D88AE /* Finoria_appUITests.swift */; };
		F8B79A8C2CAEC5EF002D88AE /* Finoria_appUITestsLaunchTests.swift in Sources */ = {isa = PBXBuildFile; fileRef = F8B79A8B2CAEC5EF002D88AE /* Finoria_appUITestsLaunchTests.swift */; };
		F8B818F92F06A7A7002D02F2 /* DocumentPicker.swift in Sources */ = {isa = PBXBuildFile; fileRef = F8B818F82F06A7A7002D02F2 /* DocumentPicker.swift */; };
		F8B818FD2F06D137002D02F2 /* HomeTabView.swift in Sources */ = {isa = PBXBuildFile; fileRef = F8B818FB2F06D137002D02F2 /* HomeTabView.swift */; };
		F8B818FF2F06D14E002D02F2 /* CalendrierMainView.swift in Sources */ = {isa = PBXBuildFile; fileRef = F8B818FE2F06D14E002D02F2 /* CalendrierMainView.swift */; };
/* End PBXBuildFile section */

/* Begin PBXContainerItemProxy section */
		F8B79A7C2CAEC5EE002D88AE /* PBXContainerItemProxy */ = {
			isa = PBXContainerItemProxy;
			containerPortal = F8B79A632CAEC5E4002D88AE /* Project object */;
			proxyType = 1;
			remoteGlobalIDString = F8B79A6A2CAEC5E4002D88AE;
			remoteInfo = "GDF-app";
		};
		F8B79A862CAEC5EF002D88AE /* PBXContainerItemProxy */ = {
			isa = PBXContainerItemProxy;
			containerPortal = F8B79A632CAEC5E4002D88AE /* Project object */;
			proxyType = 1;
			remoteGlobalIDString = F8B79A6A2CAEC5E4002D88AE;
			remoteInfo = "GDF-app";
		};
/* End PBXContainerItemProxy section */

/* Begin PBXFileReference section */
		F800A3E92E4DF80C00918507 /* CalendrierRoute.swift */ = {isa = PBXFileReference; lastKnownFileType = sourcecode.swift; path = CalendrierRoute.swift; sourceTree = "<group>"; };
		F800A3EB2E4DF82400918507 /* CalendrierTabView.swift */ = {isa = PBXFileReference; lastKnownFileType = sourcecode.swift; path = CalendrierTabView.swift; sourceTree = "<group>"; };
		F800A3ED2E4E01F700918507 /* NoAccountView.swift */ = {isa = PBXFileReference; lastKnownFileType = sourcecode.swift; path = NoAccountView.swift; sourceTree = "<group>"; };
		F800A3F02E4F6D1E00918507 /* ToastData.swift */ = {isa = PBXFileReference; lastKnownFileType = sourcecode.swift; path = ToastData.swift; sourceTree = "<group>"; };
		F800A3F22E4F6D3400918507 /* ToastView.swift */ = {isa = PBXFileReference; lastKnownFileType = sourcecode.swift; path = ToastView.swift; sourceTree = "<group>"; };
		F800A3F62E5C72F200918507 /* ToastCard.swift */ = {isa = PBXFileReference; lastKnownFileType = sourcecode.swift; path = ToastCard.swift; sourceTree = "<group>"; };
		F807613D2CC6E31B00C34EDD /* Notifications.swift */ = {isa = PBXFileReference; lastKnownFileType = sourcecode.swift; path = Notifications.swift; sourceTree = "<group>"; };
		F810E2EE2E422F1E00C2DFA9 /* AccountsManager.swift */ = {isa = PBXFileReference; lastKnownFileType = sourcecode.swift; path = AccountsManager.swift; sourceTree = "<group>"; };
		F810E2F02E428FFB00C2DFA9 /* AccountCardView.swift */ = {isa = PBXFileReference; lastKnownFileType = sourcecode.swift; path = AccountCardView.swift; sourceTree = "<group>"; };
		F810E2FA2E43D2CB00C2DFA9 /* MonthsView.swift */ = {isa = PBXFileReference; lastKnownFileType = sourcecode.swift; path = MonthsView.swift; sourceTree = "<group>"; };
		F810E2FE2E43DFC300C2DFA9 /* PotentialTransactionsView.swift */ = {isa = PBXFileReference; lastKnownFileType = sourcecode.swift; path = PotentialTransactionsView.swift; sourceTree = "<group>"; };
		F810E3002E43E42800C2DFA9 /* TransactionsListView.swift */ = {isa = PBXFileReference; lastKnownFileType = sourcecode.swift; path = TransactionsListView.swift; sourceTree = "<group>"; };
		F810E30B2E44D4F100C2DFA9 /* AccountPickerView.swift */ = {isa = PBXFileReference; lastKnownFileType = sourcecode.swift; path = AccountPickerView.swift; sourceTree = "<group>"; };
		F810E30D2E45331900C2DFA9 /* HomeView.swift */ = {isa = PBXFileReference; lastKnownFileType = sourcecode.swift; path = HomeView.swift; sourceTree = "<group>"; };
		F810E30F2E46067700C2DFA9 /* WidgetShortcut.swift */ = {isa = PBXFileReference; lastKnownFileType = sourcecode.swift; path = WidgetShortcut.swift; sourceTree = "<group>"; };
		F8AA01012F69AA0100AA0101 /* AppStorageKeys.swift */ = {isa = PBXFileReference; lastKnownFileType = sourcecode.swift; path = AppStorageKeys.swift; sourceTree = "<group>"; };
		F810E3132E46082900C2DFA9 /* AddWidgetShortcutView.swift */ = {isa = PBXFileReference; lastKnownFileType = sourcecode.swift; path = AddWidgetShortcutView.swift; sourceTree = "<group>"; };
		F812E1F92CC7BCFF00619857 /* LaunchScreen.storyboard */ = {isa = PBXFileReference; lastKnownFileType = file.storyboard; path = LaunchScreen.storyboard; sourceTree = "<group>"; };
		F8AA01032F69AA0100AA0103 /* PrivacyInfo.xcprivacy */ = {isa = PBXFileReference; lastKnownFileType = text.xml; path = PrivacyInfo.xcprivacy; sourceTree = "<group>"; };
		F812E1FB2CC828DF00619857 /* Finoria-Info.plist */ = {isa = PBXFileReference; lastKnownFileType = text.plist.xml; path = "Finoria-Info.plist"; sourceTree = "<group>"; };
		F8388E722F349A380081F2F9 /* Account.swift */ = {isa = PBXFileReference; fileEncoding = 4; lastKnownFileType = sourcecode.swift; path = Account.swift; sourceTree = "<group>"; };
		F8388E742F349A530081F2F9 /* AddAccountSheet.swift */ = {isa = PBXFileReference; fileEncoding = 4; lastKnownFileType = sourcecode.swift; path = AddAccountSheet.swift; sourceTree = "<group>"; };
		F8388E762F350F150081F2F9 /* AllTransactionsView.swift */ = {isa = PBXFileReference; fileEncoding = 4; lastKnownFileType = sourcecode.swift; path = AllTransactionsView.swift; sourceTree = "<group>"; };
		F8388E7D2F35532D0081F2F9 /* CSVService.swift */ = {isa = PBXFileReference; fileEncoding = 4; lastKnownFileType = sourcecode.swift; path = CSVService.swift; sourceTree = "<group>"; };
		F8388E7E2F35532D0081F2F9 /* CalculationService.swift */ = {isa = PBXFileReference; fileEncoding = 4; lastKnownFileType = sourcecode.swift; path = CalculationService.swift; sourceTree = "<group>"; };
		F8388E832F355B600081F2F9 /* ShortcutsGridView.swift */ = {isa = PBXFileReference; fileEncoding = 4; lastKnownFileType = sourcecode.swift; path = ShortcutsGridView.swift; sourceTree = "<group>"; };
		F8388E892F3563CB0081F2F9 /* DateFormatting.swift */ = {isa = PBXFileReference; fileEncoding = 4; lastKnownFileType = sourcecode.swift; path = DateFormatting.swift; sourceTree = "<group>"; };
		F8388E8A2F3563CB0081F2F9 /* StylableEnum.swift */ = {isa = PBXFileReference; fileEncoding = 4; lastKnownFileType = sourcecode.swift; path = StylableEnum.swift; sourceTree = "<group>"; };
		F8388E8E2F3563DD0081F2F9 /* CurrencyTextField.swift */ = {isa = PBXFileReference; fileEncoding = 4; lastKnownFileType = sourcecode.swift; path = CurrencyTextField.swift; sourceTree = "<group>"; };
		F8388E902F3564140081F2F9 /* HomeComponents.swift */ = {isa = PBXFileReference; fileEncoding = 4; lastKnownFileType = sourcecode.swift; path = HomeComponents.swift; sourceTree = "<group>"; };
		F8388E922F356B670081F2F9 /* FutureTabView.swift */ = {isa = PBXFileReference; fileEncoding = 4; lastKnownFileType = sourcecode.swift; path = FutureTabView.swift; sourceTree = "<group>"; };
		F8388E952F356BB10081F2F9 /* TransactionRow.swift */ = {isa = PBXFileReference; fileEncoding = 4; lastKnownFileType = sourcecode.swift; path = TransactionRow.swift; sourceTree = "<group>"; };
		F8388E962F356BB10081F2F9 /* AddTransactionView.swift */ = {isa = PBXFileReference; fileEncoding = 4; lastKnownFileType = sourcecode.swift; path = AddTransactionView.swift; sourceTree = "<group>"; };
		F8388E9A2F3BC5F90081F2F9 /* RecurringTransactionsGridView.swift */ = {isa = PBXFileReference; fileEncoding = 4; lastKnownFileType = sourcecode.swift; path = RecurringTransactionsGridView.swift; sourceTree = "<group>"; };
		F8388E9B2F3BC5F90081F2F9 /* AddRecurringTransactionView.swift */ = {isa = PBXFileReference; fileEncoding = 4; lastKnownFileType = sourcecode.swift; path = AddRecurringTransactionView.swift; sourceTree = "<group>"; };
		F8388E9E2F3BC61C0081F2F9 /* RecurringTransaction.swift */ = {isa = PBXFileReference; fileEncoding = 4; lastKnownFileType = sourcecode.swift; path = RecurringTransaction.swift; sourceTree = "<group>"; };
		F8388EA02F3BD3B30081F2F9 /* TransactionCategory.swift */ = {isa = PBXFileReference; fileEncoding = 4; lastKnownFileType = sourcecode.swift; path = TransactionCategory.swift; sourceTree = "<group>"; };
		F8388EA32F3DE67B0081F2F9 /* CategoryBreakdownRow.swift */ = {isa = PBXFileReference; fileEncoding = 4; lastKnownFileType = sourcecode.swift; path = CategoryBreakdownRow.swift; sourceTree = "<group>"; };
		F8388EA42F3DE67B0081F2F9 /* AnalysesTabView.swift */ = {isa = PBXFileReference; fileEncoding = 4; lastKnownFileType = sourcecode.swift; path = AnalysesTabView.swift; sourceTree = "<group>"; };
		F8388EA52F3DE67B0081F2F9 /* AnalysesView.swift */ = {isa = PBXFileReference; fileEncoding = 4; lastKnownFileType = sourcecode.swift; path = AnalysesView.swift; sourceTree = "<group>"; };
		F8388EA92F3DF5470081F2F9 /* CategoryTransactionsView.swift */ = {isa = PBXFileReference; fileEncoding = 4; lastKnownFileType = sourcecode.swift; path = CategoryTransactionsView.swift; sourceTree = "<group>"; };
		F8388EAB2F3E3FC00081F2F9 /* ViewModifiers.swift */ = {isa = PBXFileReference; fileEncoding = 4; lastKnownFileType = sourcecode.swift; path = ViewModifiers.swift; sourceTree = "<group>"; };
		F8388EAD2F3E3FDD0081F2F9 /* RecurrenceEngine.swift */ = {isa = PBXFileReference; fileEncoding = 4; lastKnownFileType = sourcecode.swift; path = RecurrenceEngine.swift; sourceTree = "<group>"; };
		F8388EB12F3E580C0081F2F9 /* AnalysesModels.swift */ = {isa = PBXFileReference; fileEncoding = 4; lastKnownFileType = sourcecode.swift; path = AnalysesModels.swift; sourceTree = "<group>"; };
		F8388EB22F3E580C0081F2F9 /* AnalysesPieChart.swift */ = {isa = PBXFileReference; fileEncoding = 4; lastKnownFileType = sourcecode.swift; path = AnalysesPieChart.swift; sourceTree = "<group>"; };
		F842F8C52CBD3AD3007D1A54 /* Transaction.swift */ = {isa = PBXFileReference; lastKnownFileType = sourcecode.swift; path = Transaction.swift; sourceTree = "<group>"; };
		F842F8C92CBD3B47007D1A54 /* ContentView.swift */ = {isa = PBXFileReference; lastKnownFileType = sourcecode.swift; path = ContentView.swift; sourceTree = "<group>"; };
		F8ACBAA02F5A1C550074CE1B /* SwiftDataService.swift */ = {isa = PBXFileReference; fileEncoding = 4; lastKnownFileType = sourcecode.swift; path = SwiftDataService.swift; sourceTree = "<group>"; };
		F8ACBAA42F5A22420074CE1B /* FinoriaRelease.entitlements */ = {isa = PBXFileReference; lastKnownFileType = text.plist.entitlements; path = FinoriaRelease.entitlements; sourceTree = "<group>"; };
		F8ACBAA52F5A3A0A0074CE1B /* DatabaseErrorView.swift */ = {isa = PBXFileReference; fileEncoding = 4; lastKnownFileType = sourcecode.swift; path = DatabaseErrorView.swift; sourceTree = "<group>"; };
		F8ACBAA72F5A59590074CE1B /* CloudKitService.swift */ = {isa = PBXFileReference; fileEncoding = 4; lastKnownFileType = sourcecode.swift; path = CloudKitService.swift; sourceTree = "<group>"; };
		F8ACBAA92F5ECA9A0074CE1B /* Localizable.strings */ = {isa = PBXFileReference; fileEncoding = 4; lastKnownFileType = text.plist.strings; path = Localizable.strings; sourceTree = "<group>"; };
		F8ACBAAB2F5EF2970074CE1B /* WelcomeView.swift */ = {isa = PBXFileReference; fileEncoding = 4; lastKnownFileType = sourcecode.swift; path = WelcomeView.swift; sourceTree = "<group>"; };
		F8ACBAAD2F68B33E0074CE1B /* ColorHex.swift */ = {isa = PBXFileReference; fileEncoding = 4; lastKnownFileType = sourcecode.swift; path = ColorHex.swift; sourceTree = "<group>"; };
		F8ACBAAF2F68B3530074CE1B /* AddCustomTransactionCategorySheet.swift */ = {isa = PBXFileReference; fileEncoding = 4; lastKnownFileType = sourcecode.swift; path = AddCustomTransactionCategorySheet.swift; sourceTree = "<group>"; };
		F8ACBAB12F68B3620074CE1B /* CustomTransactionCategory.swift */ = {isa = PBXFileReference; fileEncoding = 4; lastKnownFileType = sourcecode.swift; path = CustomTransactionCategory.swift; sourceTree = "<group>"; };
		F8B79A6B2CAEC5E4002D88AE /* Finoria.app */ = {isa = PBXFileReference; explicitFileType = wrapper.application; includeInIndex = 0; path = Finoria.app; sourceTree = BUILT_PRODUCTS_DIR; };
		F8B79A6E2CAEC5E4002D88AE /* FinoriaApp.swift */ = {isa = PBXFileReference; lastKnownFileType = sourcecode.swift; path = FinoriaApp.swift; sourceTree = "<group>"; };
		F8B79A722CAEC5EE002D88AE /* Assets.xcassets */ = {isa = PBXFileReference; lastKnownFileType = folder.assetcatalog; path = Assets.xcassets; sourceTree = "<group>"; };
		F8B79A752CAEC5EE002D88AE /* Preview Assets.xcassets */ = {isa = PBXFileReference; lastKnownFileType = folder.assetcatalog; path = "Preview Assets.xcassets"; sourceTree = "<group>"; };
		F8B79A7B2CAEC5EE002D88AE /* FinoriaTests.xctest */ = {isa = PBXFileReference; explicitFileType = wrapper.cfbundle; includeInIndex = 0; path = FinoriaTests.xctest; sourceTree = BUILT_PRODUCTS_DIR; };
		F8B79A7F2CAEC5EE002D88AE /* Finoria_appTests.swift */ = {isa = PBXFileReference; lastKnownFileType = sourcecode.swift; path = Finoria_appTests.swift; sourceTree = "<group>"; };
		F8B79A852CAEC5EE002D88AE /* FinoriaUITests.xctest */ = {isa = PBXFileReference; explicitFileType = wrapper.cfbundle; includeInIndex = 0; path = FinoriaUITests.xctest; sourceTree = BUILT_PRODUCTS_DIR; };
		F8B79A892CAEC5EF002D88AE /* Finoria_appUITests.swift */ = {isa = PBXFileReference; lastKnownFileType = sourcecode.swift; path = Finoria_appUITests.swift; sourceTree = "<group>"; };
		F8B79A8B2CAEC5EF002D88AE /* Finoria_appUITestsLaunchTests.swift */ = {isa = PBXFileReference; lastKnownFileType = sourcecode.swift; path = Finoria_appUITestsLaunchTests.swift; sourceTree = "<group>"; };
		F8B818F52F059289002D02F2 /* Finoria.entitlements */ = {isa = PBXFileReference; lastKnownFileType = text.plist.entitlements; path = Finoria.entitlements; sourceTree = "<group>"; };
		F8B818F82F06A7A7002D02F2 /* DocumentPicker.swift */ = {isa = PBXFileReference; fileEncoding = 4; lastKnownFileType = sourcecode.swift; path = DocumentPicker.swift; sourceTree = "<group>"; };
		F8B818FB2F06D137002D02F2 /* HomeTabView.swift */ = {isa = PBXFileReference; fileEncoding = 4; lastKnownFileType = sourcecode.swift; path = HomeTabView.swift; sourceTree = "<group>"; };
		F8B818FE2F06D14E002D02F2 /* CalendrierMainView.swift */ = {isa = PBXFileReference; fileEncoding = 4; lastKnownFileType = sourcecode.swift; path = CalendrierMainView.swift; sourceTree = "<group>"; };
/* End PBXFileReference section */

/* Begin PBXFrameworksBuildPhase section */
		F8B79A682CAEC5E4002D88AE /* Frameworks */ = {
			isa = PBXFrameworksBuildPhase;
			buildActionMask = 2147483647;
			files = (
			);
			runOnlyForDeploymentPostprocessing = 0;
		};
		F8B79A782CAEC5EE002D88AE /* Frameworks */ = {
			isa = PBXFrameworksBuildPhase;
			buildActionMask = 2147483647;
			files = (
			);
			runOnlyForDeploymentPostprocessing = 0;
		};
		F8B79A822CAEC5EE002D88AE /* Frameworks */ = {
			isa = PBXFrameworksBuildPhase;
			buildActionMask = 2147483647;
			files = (
			);
			runOnlyForDeploymentPostprocessing = 0;
		};
/* End PBXFrameworksBuildPhase section */

/* Begin PBXGroup section */
		F800A3EF2E4F6D0400918507 /* Toast */ = {
			isa = PBXGroup;
			children = (
				F800A3F02E4F6D1E00918507 /* ToastData.swift */,
				F800A3F22E4F6D3400918507 /* ToastView.swift */,
				F800A3F62E5C72F200918507 /* ToastCard.swift */,
			);
			path = Toast;
			sourceTree = "<group>";
		};
		F810E3042E43EA7B00C2DFA9 /* Models */ = {
			isa = PBXGroup;
			children = (
				F8ACBAB12F68B3620074CE1B /* CustomTransactionCategory.swift */,
				F8388EA02F3BD3B30081F2F9 /* TransactionCategory.swift */,
				F8388E9E2F3BC61C0081F2F9 /* RecurringTransaction.swift */,
				F8388E722F349A380081F2F9 /* Account.swift */,
				F842F8C52CBD3AD3007D1A54 /* Transaction.swift */,
				F810E2EE2E422F1E00C2DFA9 /* AccountsManager.swift */,
				F810E30F2E46067700C2DFA9 /* WidgetShortcut.swift */,
				F8AA01012F69AA0100AA0101 /* AppStorageKeys.swift */,
			);
			path = Models;
			sourceTree = "<group>";
		};
		F810E3072E43EAC800C2DFA9 /* TabView */ = {
			isa = PBXGroup;
			children = (
				F8388EA22F3DE67B0081F2F9 /* Analyses */,
				F8388E922F356B670081F2F9 /* FutureTabView.swift */,
				F8388E812F355B600081F2F9 /* Home */,
				F8B818FB2F06D137002D02F2 /* HomeTabView.swift */,
				F810E30D2E45331900C2DFA9 /* HomeView.swift */,
				F810E2FE2E43DFC300C2DFA9 /* PotentialTransactionsView.swift */,
				F810E3172E4608CC00C2DFA9 /* Calendrier */,
			);
			path = TabView;
			sourceTree = "<group>";
		};
		F810E3082E43EADA00C2DFA9 /* Views */ = {
			isa = PBXGroup;
			children = (
				F8ACBAAB2F5EF2970074CE1B /* WelcomeView.swift */,
				F8ACBAA52F5A3A0A0074CE1B /* DatabaseErrorView.swift */,
				F8388E992F3BC5F90081F2F9 /* Recurring */,
				F8388E942F356BB10081F2F9 /* Transactions */,
				F8388E8D2F3563DD0081F2F9 /* Components */,
				F8B818F82F06A7A7002D02F2 /* DocumentPicker.swift */,
				F842F8C92CBD3B47007D1A54 /* ContentView.swift */,
				F800A3ED2E4E01F700918507 /* NoAccountView.swift */,
				F810E3152E46086500C2DFA9 /* Account */,
				F810E3162E46088500C2DFA9 /* Widget */,
				F810E3072E43EAC800C2DFA9 /* TabView */,
			);
			path = Views;
			sourceTree = "<group>";
		};
		F810E3152E46086500C2DFA9 /* Account */ = {
			isa = PBXGroup;
			children = (
				F8388E742F349A530081F2F9 /* AddAccountSheet.swift */,
				F810E30B2E44D4F100C2DFA9 /* AccountPickerView.swift */,
				F810E2F02E428FFB00C2DFA9 /* AccountCardView.swift */,
			);
			path = Account;
			sourceTree = "<group>";
		};
		F810E3162E46088500C2DFA9 /* Widget */ = {
			isa = PBXGroup;
			children = (
				F810E3132E46082900C2DFA9 /* AddWidgetShortcutView.swift */,
				F800A3EF2E4F6D0400918507 /* Toast */,
			);
			path = Widget;
			sourceTree = "<group>";
		};
		F810E3172E4608CC00C2DFA9 /* Calendrier */ = {
			isa = PBXGroup;
			children = (
				F8388E762F350F150081F2F9 /* AllTransactionsView.swift */,
				F8B818FE2F06D14E002D02F2 /* CalendrierMainView.swift */,
				F800A3EB2E4DF82400918507 /* CalendrierTabView.swift */,
				F810E2FA2E43D2CB00C2DFA9 /* MonthsView.swift */,
				F810E3002E43E42800C2DFA9 /* TransactionsListView.swift */,
				F800A3E92E4DF80C00918507 /* CalendrierRoute.swift */,
			);
			path = Calendrier;
			sourceTree = "<group>";
		};
		F8388E7C2F35532D0081F2F9 /* Services */ = {
			isa = PBXGroup;
			children = (
				F8ACBAA72F5A59590074CE1B /* CloudKitService.swift */,
				F8ACBAA02F5A1C550074CE1B /* SwiftDataService.swift */,
				F8388EAD2F3E3FDD0081F2F9 /* RecurrenceEngine.swift */,
				F8388E7D2F35532D0081F2F9 /* CSVService.swift */,
				F8388E7E2F35532D0081F2F9 /* CalculationService.swift */,
			);
			path = Services;
			sourceTree = "<group>";
		};
		F8388E812F355B600081F2F9 /* Home */ = {
			isa = PBXGroup;
			children = (
				F8388E902F3564140081F2F9 /* HomeComponents.swift */,
				F8388E832F355B600081F2F9 /* ShortcutsGridView.swift */,
			);
			path = Home;
			sourceTree = "<group>";
		};
		F8388E882F3563CB0081F2F9 /* Extensions */ = {
			isa = PBXGroup;
			children = (
				F8ACBAAD2F68B33E0074CE1B /* ColorHex.swift */,
				F8388EAB2F3E3FC00081F2F9 /* ViewModifiers.swift */,
				F8388E892F3563CB0081F2F9 /* DateFormatting.swift */,
				F8388E8A2F3563CB0081F2F9 /* StylableEnum.swift */,
			);
			path = Extensions;
			sourceTree = "<group>";
		};
		F8388E8D2F3563DD0081F2F9 /* Components */ = {
			isa = PBXGroup;
			children = (
				F8388E8E2F3563DD0081F2F9 /* CurrencyTextField.swift */,
			);
			path = Components;
			sourceTree = "<group>";
		};
		F8388E942F356BB10081F2F9 /* Transactions */ = {
			isa = PBXGroup;
			children = (
				F8ACBAAF2F68B3530074CE1B /* AddCustomTransactionCategorySheet.swift */,
				F8388E952F356BB10081F2F9 /* TransactionRow.swift */,
				F8388E962F356BB10081F2F9 /* AddTransactionView.swift */,
			);
			path = Transactions;
			sourceTree = "<group>";
		};
		F8388E992F3BC5F90081F2F9 /* Recurring */ = {
			isa = PBXGroup;
			children = (
				F8388E9A2F3BC5F90081F2F9 /* RecurringTransactionsGridView.swift */,
				F8388E9B2F3BC5F90081F2F9 /* AddRecurringTransactionView.swift */,
			);
			path = Recurring;
			sourceTree = "<group>";
		};
		F8388EA22F3DE67B0081F2F9 /* Analyses */ = {
			isa = PBXGroup;
			children = (
				F8388EB12F3E580C0081F2F9 /* AnalysesModels.swift */,
				F8388EB22F3E580C0081F2F9 /* AnalysesPieChart.swift */,
				F8388EA92F3DF5470081F2F9 /* CategoryTransactionsView.swift */,
				F8388EA32F3DE67B0081F2F9 /* CategoryBreakdownRow.swift */,
				F8388EA42F3DE67B0081F2F9 /* AnalysesTabView.swift */,
				F8388EA52F3DE67B0081F2F9 /* AnalysesView.swift */,
			);
			path = Analyses;
			sourceTree = "<group>";
		};
		F8B79A622CAEC5E4002D88AE = {
			isa = PBXGroup;
			children = (
				F8ACBAA42F5A22420074CE1B /* FinoriaRelease.entitlements */,
				F8B818F52F059289002D02F2 /* Finoria.entitlements */,
				F812E1FB2CC828DF00619857 /* Finoria-Info.plist */,
				F8B79A6D2CAEC5E4002D88AE /* Finoria-app */,
				F8B79A7E2CAEC5EE002D88AE /* Finoria-appTests */,
				F8B79A882CAEC5EF002D88AE /* Finoria-appUITests */,
				F8B79A6C2CAEC5E4002D88AE /* Products */,
			);
			sourceTree = "<group>";
		};
		F8B79A6C2CAEC5E4002D88AE /* Products */ = {
			isa = PBXGroup;
			children = (
				F8B79A6B2CAEC5E4002D88AE /* Finoria.app */,
				F8B79A7B2CAEC5EE002D88AE /* FinoriaTests.xctest */,
				F8B79A852CAEC5EE002D88AE /* FinoriaUITests.xctest */,
			);
			name = Products;
			sourceTree = "<group>";
		};
		F8B79A6D2CAEC5E4002D88AE /* Finoria-app */ = {
			isa = PBXGroup;
			children = (
				F8ACBAA92F5ECA9A0074CE1B /* Localizable.strings */,
				F8AA01032F69AA0100AA0103 /* PrivacyInfo.xcprivacy */,
				F812E1F92CC7BCFF00619857 /* LaunchScreen.storyboard */,
				F8B79A6E2CAEC5E4002D88AE /* FinoriaApp.swift */,
				F807613D2CC6E31B00C34EDD /* Notifications.swift */,
				F8388E882F3563CB0081F2F9 /* Extensions */,
				F8388E7C2F35532D0081F2F9 /* Services */,
				F810E3042E43EA7B00C2DFA9 /* Models */,
				F810E3082E43EADA00C2DFA9 /* Views */,
				F8B79A722CAEC5EE002D88AE /* Assets.xcassets */,
				F8B79A742CAEC5EE002D88AE /* Preview Content */,
			);
			path = "Finoria-app";
			sourceTree = "<group>";
		};
		F8B79A742CAEC5EE002D88AE /* Preview Content */ = {
			isa = PBXGroup;
			children = (
				F8B79A752CAEC5EE002D88AE /* Preview Assets.xcassets */,
			);
			path = "Preview Content";
			sourceTree = "<group>";
		};
		F8B79A7E2CAEC5EE002D88AE /* Finoria-appTests */ = {
			isa = PBXGroup;
			children = (
				F8B79A7F2CAEC5EE002D88AE /* Finoria_appTests.swift */,
			);
			path = "Finoria-appTests";
			sourceTree = "<group>";
		};
		F8B79A882CAEC5EF002D88AE /* Finoria-appUITests */ = {
			isa = PBXGroup;
			children = (
				F8B79A892CAEC5EF002D88AE /* Finoria_appUITests.swift */,
				F8B79A8B2CAEC5EF002D88AE /* Finoria_appUITestsLaunchTests.swift */,
			);
			path = "Finoria-appUITests";
			sourceTree = "<group>";
		};
/* End PBXGroup section */

/* Begin PBXNativeTarget section */
		F8B79A6A2CAEC5E4002D88AE /* Finoria */ = {
			isa = PBXNativeTarget;
			buildConfigurationList = F8B79A8F2CAEC5EF002D88AE /* Build configuration list for PBXNativeTarget "Finoria" */;
			buildPhases = (
				F8B79A672CAEC5E4002D88AE /* Sources */,
				F8B79A682CAEC5E4002D88AE /* Frameworks */,
				F8B79A692CAEC5E4002D88AE /* Resources */,
			);
			buildRules = (
			);
			dependencies = (
			);
			name = Finoria;
			packageProductDependencies = (
			);
			productName = "GDF-app";
			productReference = F8B79A6B2CAEC5E4002D88AE /* Finoria.app */;
			productType = "com.apple.product-type.application";
		};
		F8B79A7A2CAEC5EE002D88AE /* FinoriaTests */ = {
			isa = PBXNativeTarget;
			buildConfigurationList = F8B79A922CAEC5EF002D88AE /* Build configuration list for PBXNativeTarget "FinoriaTests" */;
			buildPhases = (
				F8B79A772CAEC5EE002D88AE /* Sources */,
				F8B79A782CAEC5EE002D88AE /* Frameworks */,
				F8B79A792CAEC5EE002D88AE /* Resources */,
			);
			buildRules = (
			);
			dependencies = (
				F8B79A7D2CAEC5EE002D88AE /* PBXTargetDependency */,
			);
			name = FinoriaTests;
			productName = "GDF-appTests";
			productReference = F8B79A7B2CAEC5EE002D88AE /* FinoriaTests.xctest */;
			productType = "com.apple.product-type.bundle.unit-test";
		};
		F8B79A842CAEC5EE002D88AE /* FinoriaUITests */ = {
			isa = PBXNativeTarget;
			buildConfigurationList = F8B79A952CAEC5EF002D88AE /* Build configuration list for PBXNativeTarget "FinoriaUITests" */;
			buildPhases = (
				F8B79A812CAEC5EE002D88AE /* Sources */,
				F8B79A822CAEC5EE002D88AE /* Frameworks */,
				F8B79A832CAEC5EE002D88AE /* Resources */,
			);
			buildRules = (
			);
			dependencies = (
				F8B79A872CAEC5EF002D88AE /* PBXTargetDependency */,
			);
			name = FinoriaUITests;
			productName = "GDF-appUITests";
			productReference = F8B79A852CAEC5EE002D88AE /* FinoriaUITests.xctest */;
			productType = "com.apple.product-type.bundle.ui-testing";
		};
/* End PBXNativeTarget section */

/* Begin PBXProject section */
		F8B79A632CAEC5E4002D88AE /* Project object */ = {
			isa = PBXProject;
			attributes = {
				BuildIndependentTargetsInParallel = 1;
				LastSwiftUpdateCheck = 1520;
				LastUpgradeCheck = 1520;
				TargetAttributes = {
					F8B79A6A2CAEC5E4002D88AE = {
						CreatedOnToolsVersion = 15.2;
					};
					F8B79A7A2CAEC5EE002D88AE = {
						CreatedOnToolsVersion = 15.2;
						TestTargetID = F8B79A6A2CAEC5E4002D88AE;
					};
					F8B79A842CAEC5EE002D88AE = {
						CreatedOnToolsVersion = 15.2;
						TestTargetID = F8B79A6A2CAEC5E4002D88AE;
					};
				};
			};
			buildConfigurationList = F8B79A662CAEC5E4002D88AE /* Build configuration list for PBXProject "Finoria" */;
			compatibilityVersion = "Xcode 14.0";
			developmentRegion = fr;
			hasScannedForEncodings = 0;
			knownRegions = (
				en,
				fr,
				Base,
			);
			mainGroup = F8B79A622CAEC5E4002D88AE;
			packageReferences = (
			);
			productRefGroup = F8B79A6C2CAEC5E4002D88AE /* Products */;
			projectDirPath = "";
			projectRoot = "";
			targets = (
				F8B79A6A2CAEC5E4002D88AE /* Finoria */,
				F8B79A7A2CAEC5EE002D88AE /* FinoriaTests */,
				F8B79A842CAEC5EE002D88AE /* FinoriaUITests */,
			);
		};
/* End PBXProject section */

/* Begin PBXResourcesBuildPhase section */
		F8B79A692CAEC5E4002D88AE /* Resources */ = {
			isa = PBXResourcesBuildPhase;
			buildActionMask = 2147483647;
			files = (
				F812E1FA2CC7BCFF00619857 /* LaunchScreen.storyboard in Resources */,
				F8AA01042F69AA0100AA0104 /* PrivacyInfo.xcprivacy in Resources */,
				F8ACBAAA2F5ECA9A0074CE1B /* Localizable.strings in Resources */,
				F8B79A762CAEC5EE002D88AE /* Preview Assets.xcassets in Resources */,
				F8B79A732CAEC5EE002D88AE /* Assets.xcassets in Resources */,
			);
			runOnlyForDeploymentPostprocessing = 0;
		};
		F8B79A792CAEC5EE002D88AE /* Resources */ = {
			isa = PBXResourcesBuildPhase;
			buildActionMask = 2147483647;
			files = (
			);
			runOnlyForDeploymentPostprocessing = 0;
		};
		F8B79A832CAEC5EE002D88AE /* Resources */ = {
			isa = PBXResourcesBuildPhase;
			buildActionMask = 2147483647;
			files = (
			);
			runOnlyForDeploymentPostprocessing = 0;
		};
/* End PBXResourcesBuildPhase section */

/* Begin PBXSourcesBuildPhase section */
		F8B79A672CAEC5E4002D88AE /* Sources */ = {
			isa = PBXSourcesBuildPhase;
			buildActionMask = 2147483647;
			files = (
				F8388E772F350F150081F2F9 /* AllTransactionsView.swift in Sources */,
				F8388E9D2F3BC5F90081F2F9 /* AddRecurringTransactionView.swift in Sources */,
				F800A3EE2E4E01F700918507 /* NoAccountView.swift in Sources */,
				F8388E8C2F3563CC0081F2F9 /* StylableEnum.swift in Sources */,
				F8388E9C2F3BC5F90081F2F9 /* RecurringTransactionsGridView.swift in Sources */,
				F8B818F92F06A7A7002D02F2 /* DocumentPicker.swift in Sources */,
				F8388EAF2F3E3FDE0081F2F9 /* RecurrenceEngine.swift in Sources */,
				F8ACBAA62F5A3A0A0074CE1B /* DatabaseErrorView.swift in Sources */,
				F8388E732F349A380081F2F9 /* Account.swift in Sources */,
				F8ACBAAE2F68B33E0074CE1B /* ColorHex.swift in Sources */,
				F810E30E2E45331900C2DFA9 /* HomeView.swift in Sources */,
				F800A3F32E4F6D3400918507 /* ToastView.swift in Sources */,
				F8388E972F356BB10081F2F9 /* TransactionRow.swift in Sources */,
				F8388EA82F3DE67B0081F2F9 /* AnalysesView.swift in Sources */,
				F807613E2CC6E31C00C34EDD /* Notifications.swift in Sources */,
				F800A3F12E4F6D1E00918507 /* ToastData.swift in Sources */,
				F8ACBAB02F68B3530074CE1B /* AddCustomTransactionCategorySheet.swift in Sources */,
				F8388E982F356BB10081F2F9 /* AddTransactionView.swift in Sources */,
				F810E3142E46082900C2DFA9 /* AddWidgetShortcutView.swift in Sources */,
				F8388E8F2F3563DD0081F2F9 /* CurrencyTextField.swift in Sources */,
				F8388E932F356B670081F2F9 /* FutureTabView.swift in Sources */,
				F8388EB32F3E580C0081F2F9 /* AnalysesModels.swift in Sources */,
				F8B818FD2F06D137002D02F2 /* HomeTabView.swift in Sources */,
				F8388EA72F3DE67B0081F2F9 /* AnalysesTabView.swift in Sources */,
				F8ACBAAC2F5EF2970074CE1B /* WelcomeView.swift in Sources */,
				F8388E8B2F3563CC0081F2F9 /* DateFormatting.swift in Sources */,
				F8B818FF2F06D14E002D02F2 /* CalendrierMainView.swift in Sources */,
				F810E2F12E428FFB00C2DFA9 /* AccountCardView.swift in Sources */,
				F8388E752F349A540081F2F9 /* AddAccountSheet.swift in Sources */,
				F810E2FB2E43D2CB00C2DFA9 /* MonthsView.swift in Sources */,
				F810E3012E43E42800C2DFA9 /* TransactionsListView.swift in Sources */,
				F8388EA12F3BD3B30081F2F9 /* TransactionCategory.swift in Sources */,
				F800A3EA2E4DF80C00918507 /* CalendrierRoute.swift in Sources */,
				F8388E912F3564140081F2F9 /* HomeComponents.swift in Sources */,
				F8B79A6F2CAEC5E4002D88AE /* FinoriaApp.swift in Sources */,
				F8388EAC2F3E3FC00081F2F9 /* ViewModifiers.swift in Sources */,
				F8388E7F2F35532D0081F2F9 /* CSVService.swift in Sources */,
				F810E2EF2E422F1E00C2DFA9 /* AccountsManager.swift in Sources */,
				F800A3EC2E4DF82400918507 /* CalendrierTabView.swift in Sources */,
				F842F8CA2CBD3B47007D1A54 /* ContentView.swift in Sources */,
				F810E2FF2E43DFC300C2DFA9 /* PotentialTransactionsView.swift in Sources */,
				F8ACBAA82F5A59590074CE1B /* CloudKitService.swift in Sources */,
				F8388E862F355B600081F2F9 /* ShortcutsGridView.swift in Sources */,
				F8388E802F35532D0081F2F9 /* CalculationService.swift in Sources */,
				F8388E9F2F3BC61C0081F2F9 /* RecurringTransaction.swift in Sources */,
				F8ACBAA12F5A1C560074CE1B /* SwiftDataService.swift in Sources */,
				F842F8C62CBD3AD3007D1A54 /* Transaction.swift in Sources */,
				F810E30C2E44D4F100C2DFA9 /* AccountPickerView.swift in Sources */,
				F8388EB42F3E580C0081F2F9 /* AnalysesPieChart.swift in Sources */,
				F8388EA62F3DE67B0081F2F9 /* CategoryBreakdownRow.swift in Sources */,
				F810E3102E46067700C2DFA9 /* WidgetShortcut.swift in Sources */,
				F8AA01022F69AA0100AA0102 /* AppStorageKeys.swift in Sources */,
				F800A3F72E5C72F200918507 /* ToastCard.swift in Sources */,
				F8388EAA2F3DF5470081F2F9 /* CategoryTransactionsView.swift in Sources */,
				F8ACBAB22F68B3620074CE1B /* CustomTransactionCategory.swift in Sources */,
			);
			runOnlyForDeploymentPostprocessing = 0;
		};
		F8B79A772CAEC5EE002D88AE /* Sources */ = {
			isa = PBXSourcesBuildPhase;
			buildActionMask = 2147483647;
			files = (
				F8B79A802CAEC5EE002D88AE /* Finoria_appTests.swift in Sources */,
			);
			runOnlyForDeploymentPostprocessing = 0;
		};
		F8B79A812CAEC5EE002D88AE /* Sources */ = {
			isa = PBXSourcesBuildPhase;
			buildActionMask = 2147483647;
			files = (
				F8B79A8C2CAEC5EF002D88AE /* Finoria_appUITestsLaunchTests.swift in Sources */,
				F8B79A8A2CAEC5EF002D88AE /* Finoria_appUITests.swift in Sources */,
			);
			runOnlyForDeploymentPostprocessing = 0;
		};
/* End PBXSourcesBuildPhase section */

/* Begin PBXTargetDependency section */
		F8B79A7D2CAEC5EE002D88AE /* PBXTargetDependency */ = {
			isa = PBXTargetDependency;
			target = F8B79A6A2CAEC5E4002D88AE /* Finoria */;
			targetProxy = F8B79A7C2CAEC5EE002D88AE /* PBXContainerItemProxy */;
		};
		F8B79A872CAEC5EF002D88AE /* PBXTargetDependency */ = {
			isa = PBXTargetDependency;
			target = F8B79A6A2CAEC5E4002D88AE /* Finoria */;
			targetProxy = F8B79A862CAEC5EF002D88AE /* PBXContainerItemProxy */;
		};
/* End PBXTargetDependency section */

/* Begin XCBuildConfiguration section */
		F8B79A8D2CAEC5EF002D88AE /* Debug */ = {
			isa = XCBuildConfiguration;
			buildSettings = {
				ALWAYS_SEARCH_USER_PATHS = NO;
				ASSETCATALOG_COMPILER_GENERATE_SWIFT_ASSET_SYMBOL_EXTENSIONS = YES;
				CLANG_ANALYZER_NONNULL = YES;
				CLANG_ANALYZER_NUMBER_OBJECT_CONVERSION = YES_AGGRESSIVE;
				CLANG_CXX_LANGUAGE_STANDARD = "gnu++20";
				CLANG_ENABLE_MODULES = YES;
				CLANG_ENABLE_OBJC_ARC = YES;
				CLANG_ENABLE_OBJC_WEAK = YES;
				CLANG_WARN_BLOCK_CAPTURE_AUTORELEASING = YES;
				CLANG_WARN_BOOL_CONVERSION = YES;
				CLANG_WARN_COMMA = YES;
				CLANG_WARN_CONSTANT_CONVERSION = YES;
				CLANG_WARN_DEPRECATED_OBJC_IMPLEMENTATIONS = YES;
				CLANG_WARN_DIRECT_OBJC_ISA_USAGE = YES_ERROR;
				CLANG_WARN_DOCUMENTATION_COMMENTS = YES;
				CLANG_WARN_EMPTY_BODY = YES;
				CLANG_WARN_ENUM_CONVERSION = YES;
				CLANG_WARN_INFINITE_RECURSION = YES;
				CLANG_WARN_INT_CONVERSION = YES;
				CLANG_WARN_NON_LITERAL_NULL_CONVERSION = YES;
				CLANG_WARN_OBJC_IMPLICIT_RETAIN_SELF = YES;
				CLANG_WARN_OBJC_LITERAL_CONVERSION = YES;
				CLANG_WARN_OBJC_ROOT_CLASS = YES_ERROR;
				CLANG_WARN_QUOTED_INCLUDE_IN_FRAMEWORK_HEADER = YES;
				CLANG_WARN_RANGE_LOOP_ANALYSIS = YES;
				CLANG_WARN_STRICT_PROTOTYPES = YES;
				CLANG_WARN_SUSPICIOUS_MOVE = YES;
				CLANG_WARN_UNGUARDED_AVAILABILITY = YES_AGGRESSIVE;
				CLANG_WARN_UNREACHABLE_CODE = YES;
				CLANG_WARN__DUPLICATE_METHOD_MATCH = YES;
				COPY_PHASE_STRIP = NO;
				DEBUG_INFORMATION_FORMAT = dwarf;
				ENABLE_STRICT_OBJC_MSGSEND = YES;
				ENABLE_TESTABILITY = YES;
				ENABLE_USER_SCRIPT_SANDBOXING = YES;
				GCC_C_LANGUAGE_STANDARD = gnu17;
				GCC_DYNAMIC_NO_PIC = NO;
				GCC_NO_COMMON_BLOCKS = YES;
				GCC_OPTIMIZATION_LEVEL = 0;
				GCC_PREPROCESSOR_DEFINITIONS = (
					"DEBUG=1",
					"$(inherited)",
				);
				GCC_WARN_64_TO_32_BIT_CONVERSION = YES;
				GCC_WARN_ABOUT_RETURN_TYPE = YES_ERROR;
				GCC_WARN_UNDECLARED_SELECTOR = YES;
				GCC_WARN_UNINITIALIZED_AUTOS = YES_AGGRESSIVE;
				GCC_WARN_UNUSED_FUNCTION = YES;
				GCC_WARN_UNUSED_VARIABLE = YES;
				IPHONEOS_DEPLOYMENT_TARGET = 18.0;
				LOCALIZATION_PREFERS_STRING_CATALOGS = YES;
				MTL_ENABLE_DEBUG_INFO = INCLUDE_SOURCE;
				MTL_FAST_MATH = YES;
				ONLY_ACTIVE_ARCH = YES;
				SDKROOT = iphoneos;
				SWIFT_ACTIVE_COMPILATION_CONDITIONS = "DEBUG $(inherited)";
				SWIFT_OPTIMIZATION_LEVEL = "-Onone";
			};
			name = Debug;
		};
		F8B79A8E2CAEC5EF002D88AE /* Release */ = {
			isa = XCBuildConfiguration;
			buildSettings = {
				ALWAYS_SEARCH_USER_PATHS = NO;
				ASSETCATALOG_COMPILER_GENERATE_SWIFT_ASSET_SYMBOL_EXTENSIONS = YES;
				CLANG_ANALYZER_NONNULL = YES;
				CLANG_ANALYZER_NUMBER_OBJECT_CONVERSION = YES_AGGRESSIVE;
				CLANG_CXX_LANGUAGE_STANDARD = "gnu++20";
				CLANG_ENABLE_MODULES = YES;
				CLANG_ENABLE_OBJC_ARC = YES;
				CLANG_ENABLE_OBJC_WEAK = YES;
				CLANG_WARN_BLOCK_CAPTURE_AUTORELEASING = YES;
				CLANG_WARN_BOOL_CONVERSION = YES;
				CLANG_WARN_COMMA = YES;
				CLANG_WARN_CONSTANT_CONVERSION = YES;
				CLANG_WARN_DEPRECATED_OBJC_IMPLEMENTATIONS = YES;
				CLANG_WARN_DIRECT_OBJC_ISA_USAGE = YES_ERROR;
				CLANG_WARN_DOCUMENTATION_COMMENTS = YES;
				CLANG_WARN_EMPTY_BODY = YES;
				CLANG_WARN_ENUM_CONVERSION = YES;
				CLANG_WARN_INFINITE_RECURSION = YES;
				CLANG_WARN_INT_CONVERSION = YES;
				CLANG_WARN_NON_LITERAL_NULL_CONVERSION = YES;
				CLANG_WARN_OBJC_IMPLICIT_RETAIN_SELF = YES;
				CLANG_WARN_OBJC_LITERAL_CONVERSION = YES;
				CLANG_WARN_OBJC_ROOT_CLASS = YES_ERROR;
				CLANG_WARN_QUOTED_INCLUDE_IN_FRAMEWORK_HEADER = YES;
				CLANG_WARN_RANGE_LOOP_ANALYSIS = YES;
				CLANG_WARN_STRICT_PROTOTYPES = YES;
				CLANG_WARN_SUSPICIOUS_MOVE = YES;
				CLANG_WARN_UNGUARDED_AVAILABILITY = YES_AGGRESSIVE;
				CLANG_WARN_UNREACHABLE_CODE = YES;
				CLANG_WARN__DUPLICATE_METHOD_MATCH = YES;
				COPY_PHASE_STRIP = NO;
				DEBUG_INFORMATION_FORMAT = "dwarf-with-dsym";
				ENABLE_NS_ASSERTIONS = NO;
				ENABLE_STRICT_OBJC_MSGSEND = YES;
				ENABLE_USER_SCRIPT_SANDBOXING = YES;
				GCC_C_LANGUAGE_STANDARD = gnu17;
				GCC_NO_COMMON_BLOCKS = YES;
				GCC_WARN_64_TO_32_BIT_CONVERSION = YES;
				GCC_WARN_ABOUT_RETURN_TYPE = YES_ERROR;
				GCC_WARN_UNDECLARED_SELECTOR = YES;
				GCC_WARN_UNINITIALIZED_AUTOS = YES_AGGRESSIVE;
				GCC_WARN_UNUSED_FUNCTION = YES;
				GCC_WARN_UNUSED_VARIABLE = YES;
				IPHONEOS_DEPLOYMENT_TARGET = 18.0;
				LOCALIZATION_PREFERS_STRING_CATALOGS = YES;
				MTL_ENABLE_DEBUG_INFO = NO;
				MTL_FAST_MATH = YES;
				SDKROOT = iphoneos;
				SWIFT_COMPILATION_MODE = wholemodule;
				VALIDATE_PRODUCT = YES;
			};
			name = Release;
		};
		F8B79A902CAEC5EF002D88AE /* Debug */ = {
			isa = XCBuildConfiguration;
			buildSettings = {
				ASSETCATALOG_COMPILER_APPICON_NAME = AppIcon;
				ASSETCATALOG_COMPILER_GLOBAL_ACCENT_COLOR_NAME = AccentColor;
				CODE_SIGN_ENTITLEMENTS = Finoria.entitlements;
				CODE_SIGN_STYLE = Automatic;
				CURRENT_PROJECT_VERSION = 2010;
				DEVELOPMENT_ASSET_PATHS = "\"Finoria-app/Preview Content\"";
				DEVELOPMENT_TEAM = K9559SXCGV;
				ENABLE_PREVIEWS = YES;
				GENERATE_INFOPLIST_FILE = YES;
				INFOPLIST_FILE = "Finoria-Info.plist";
				INFOPLIST_KEY_CFBundleDisplayName = Finoria;
				INFOPLIST_KEY_LSApplicationCategoryType = "public.app-category.finance";
				INFOPLIST_KEY_UIApplicationSceneManifest_Generation = YES;
				INFOPLIST_KEY_UIApplicationSupportsIndirectInputEvents = YES;
				INFOPLIST_KEY_UILaunchScreen_Generation = YES;
				INFOPLIST_KEY_UILaunchStoryboardName = LaunchScreen.storyboard;
				INFOPLIST_KEY_UISupportedInterfaceOrientations_iPad = "UIInterfaceOrientationPortrait UIInterfaceOrientationPortraitUpsideDown UIInterfaceOrientationLandscapeLeft UIInterfaceOrientationLandscapeRight";
				INFOPLIST_KEY_UISupportedInterfaceOrientations_iPhone = "UIInterfaceOrientationPortrait UIInterfaceOrientationLandscapeLeft UIInterfaceOrientationLandscapeRight";
				LD_RUNPATH_SEARCH_PATHS = (
					"$(inherited)",
					"@executable_path/Frameworks",
				);
				MARKETING_VERSION = 2.0.0;
				PRODUCT_BUNDLE_IDENTIFIER = "fr.godefroyinformatique.GDF-app";
				PRODUCT_NAME = "$(TARGET_NAME)";
				SWIFT_EMIT_LOC_STRINGS = YES;
				SWIFT_VERSION = 5.0;
				TARGETED_DEVICE_FAMILY = "1,2";
			};
			name = Debug;
		};
		F8B79A912CAEC5EF002D88AE /* Release */ = {
			isa = XCBuildConfiguration;
			buildSettings = {
				ASSETCATALOG_COMPILER_APPICON_NAME = AppIcon;
				ASSETCATALOG_COMPILER_GLOBAL_ACCENT_COLOR_NAME = AccentColor;
				CODE_SIGN_ENTITLEMENTS = FinoriaRelease.entitlements;
				CODE_SIGN_STYLE = Automatic;
				CURRENT_PROJECT_VERSION = 2010;
				DEVELOPMENT_ASSET_PATHS = "\"Finoria-app/Preview Content\"";
				DEVELOPMENT_TEAM = K9559SXCGV;
				ENABLE_PREVIEWS = YES;
				GENERATE_INFOPLIST_FILE = YES;
				INFOPLIST_FILE = "Finoria-Info.plist";
				INFOPLIST_KEY_CFBundleDisplayName = Finoria;
				INFOPLIST_KEY_LSApplicationCategoryType = "public.app-category.finance";
				INFOPLIST_KEY_UIApplicationSceneManifest_Generation = YES;
				INFOPLIST_KEY_UIApplicationSupportsIndirectInputEvents = YES;
				INFOPLIST_KEY_UILaunchScreen_Generation = YES;
				INFOPLIST_KEY_UILaunchStoryboardName = LaunchScreen.storyboard;
				INFOPLIST_KEY_UISupportedInterfaceOrientations_iPad = "UIInterfaceOrientationPortrait UIInterfaceOrientationPortraitUpsideDown UIInterfaceOrientationLandscapeLeft UIInterfaceOrientationLandscapeRight";
				INFOPLIST_KEY_UISupportedInterfaceOrientations_iPhone = "UIInterfaceOrientationPortrait UIInterfaceOrientationLandscapeLeft UIInterfaceOrientationLandscapeRight";
				LD_RUNPATH_SEARCH_PATHS = (
					"$(inherited)",
					"@executable_path/Frameworks",
				);
				MARKETING_VERSION = 2.0.0;
				PRODUCT_BUNDLE_IDENTIFIER = "fr.godefroyinformatique.GDF-app";
				PRODUCT_NAME = "$(TARGET_NAME)";
				SWIFT_EMIT_LOC_STRINGS = YES;
				SWIFT_VERSION = 5.0;
				TARGETED_DEVICE_FAMILY = "1,2";
			};
			name = Release;
		};
		F8B79A932CAEC5EF002D88AE /* Debug */ = {
			isa = XCBuildConfiguration;
			buildSettings = {
				ALWAYS_EMBED_SWIFT_STANDARD_LIBRARIES = YES;
				BUNDLE_LOADER = "$(TEST_HOST)";
				CODE_SIGN_STYLE = Automatic;
				CURRENT_PROJECT_VERSION = 1;
				DEVELOPMENT_TEAM = K9559SXCGV;
				GENERATE_INFOPLIST_FILE = YES;
				IPHONEOS_DEPLOYMENT_TARGET = 18.0;
				MARKETING_VERSION = 1.0;
				PRODUCT_BUNDLE_IDENTIFIER = "fr.godefroyinformatique.GDF-appTests";
				PRODUCT_NAME = "$(TARGET_NAME)";
				SWIFT_EMIT_LOC_STRINGS = NO;
				SWIFT_VERSION = 5.0;
				TARGETED_DEVICE_FAMILY = "1,2";
				TEST_HOST = "$(BUILT_PRODUCTS_DIR)/Finoria.app/$(BUNDLE_EXECUTABLE_FOLDER_PATH)/Finoria";
			};
			name = Debug;
		};
		F8B79A942CAEC5EF002D88AE /* Release */ = {
			isa = XCBuildConfiguration;
			buildSettings = {
				ALWAYS_EMBED_SWIFT_STANDARD_LIBRARIES = YES;
				BUNDLE_LOADER = "$(TEST_HOST)";
				CODE_SIGN_STYLE = Automatic;
				CURRENT_PROJECT_VERSION = 1;
				DEVELOPMENT_TEAM = K9559SXCGV;
				GENERATE_INFOPLIST_FILE = YES;
				IPHONEOS_DEPLOYMENT_TARGET = 18.0;
				MARKETING_VERSION = 1.0;
				PRODUCT_BUNDLE_IDENTIFIER = "fr.godefroyinformatique.GDF-appTests";
				PRODUCT_NAME = "$(TARGET_NAME)";
				SWIFT_EMIT_LOC_STRINGS = NO;
				SWIFT_VERSION = 5.0;
				TARGETED_DEVICE_FAMILY = "1,2";
				TEST_HOST = "$(BUILT_PRODUCTS_DIR)/Finoria.app/$(BUNDLE_EXECUTABLE_FOLDER_PATH)/Finoria";
			};
			name = Release;
		};
		F8B79A962CAEC5EF002D88AE /* Debug */ = {
			isa = XCBuildConfiguration;
			buildSettings = {
				ALWAYS_EMBED_SWIFT_STANDARD_LIBRARIES = YES;
				CODE_SIGN_STYLE = Automatic;
				CURRENT_PROJECT_VERSION = 1;
				DEVELOPMENT_TEAM = K9559SXCGV;
				GENERATE_INFOPLIST_FILE = YES;
				MARKETING_VERSION = 1.0;
				PRODUCT_BUNDLE_IDENTIFIER = "fr.godefroyinformatique.GDF-appUITests";
				PRODUCT_NAME = "$(TARGET_NAME)";
				SWIFT_EMIT_LOC_STRINGS = NO;
				SWIFT_VERSION = 5.0;
				TARGETED_DEVICE_FAMILY = "1,2";
				TEST_TARGET_NAME = "GDF-app";
			};
			name = Debug;
		};
		F8B79A972CAEC5EF002D88AE /* Release */ = {
			isa = XCBuildConfiguration;
			buildSettings = {
				ALWAYS_EMBED_SWIFT_STANDARD_LIBRARIES = YES;
				CODE_SIGN_STYLE = Automatic;
				CURRENT_PROJECT_VERSION = 1;
				DEVELOPMENT_TEAM = K9559SXCGV;
				GENERATE_INFOPLIST_FILE = YES;
				MARKETING_VERSION = 1.0;
				PRODUCT_BUNDLE_IDENTIFIER = "fr.godefroyinformatique.GDF-appUITests";
				PRODUCT_NAME = "$(TARGET_NAME)";
				SWIFT_EMIT_LOC_STRINGS = NO;
				SWIFT_VERSION = 5.0;
				TARGETED_DEVICE_FAMILY = "1,2";
				TEST_TARGET_NAME = "GDF-app";
			};
			name = Release;
		};
/* End XCBuildConfiguration section */

/* Begin XCConfigurationList section */
		F8B79A662CAEC5E4002D88AE /* Build configuration list for PBXProject "Finoria" */ = {
			isa = XCConfigurationList;
			buildConfigurations = (
				F8B79A8D2CAEC5EF002D88AE /* Debug */,
				F8B79A8E2CAEC5EF002D88AE /* Release */,
			);
			defaultConfigurationIsVisible = 0;
			defaultConfigurationName = Release;
		};
		F8B79A8F2CAEC5EF002D88AE /* Build configuration list for PBXNativeTarget "Finoria" */ = {
			isa = XCConfigurationList;
			buildConfigurations = (
				F8B79A902CAEC5EF002D88AE /* Debug */,
				F8B79A912CAEC5EF002D88AE /* Release */,
			);
			defaultConfigurationIsVisible = 0;
			defaultConfigurationName = Release;
		};
		F8B79A922CAEC5EF002D88AE /* Build configuration list for PBXNativeTarget "FinoriaTests" */ = {
			isa = XCConfigurationList;
			buildConfigurations = (
				F8B79A932CAEC5EF002D88AE /* Debug */,
				F8B79A942CAEC5EF002D88AE /* Release */,
			);
			defaultConfigurationIsVisible = 0;
			defaultConfigurationName = Release;
		};
		F8B79A952CAEC5EF002D88AE /* Build configuration list for PBXNativeTarget "FinoriaUITests" */ = {
			isa = XCConfigurationList;
			buildConfigurations = (
				F8B79A962CAEC5EF002D88AE /* Debug */,
				F8B79A972CAEC5EF002D88AE /* Release */,
			);
			defaultConfigurationIsVisible = 0;
			defaultConfigurationName = Release;
		};
/* End XCConfigurationList section */

/* Begin XCRemoteSwiftPackageReference section */
/* End XCRemoteSwiftPackageReference section */

/* Begin XCSwiftPackageProductDependency section */
/* End XCSwiftPackageProductDependency section */
	};
	rootObject = F8B79A632CAEC5E4002D88AE /* Project object */;
}
